
Microsoft Visual Studio Solution File, Format Version 12.00
Project("{FAE04EC0-301F-11D3-BF4B-00C04F79EFBC}") = "Compiler.Common", "Compiler.Common\Compiler.Common.csproj", "{FADE4930-95BC-45B7-A08F-AE113A11BE18}"
EndProject
Project("{FAE04EC0-301F-11D3-BF4B-00C04F79EFBC}") = "Compiler.Generator", "Compiler.Generator\Compiler.Generator.csproj", "{7B66753A-2E26-494D-AA5C-893CC29FDC83}"
EndProject
Project("{FAE04EC0-301F-11D3-BF4B-00C04F79EFBC}") = "Compiler.Parser", "Compiler.Parser\Compiler.Parser.csproj", "{E671DC07-D5C1-40CD-9FFC-2F6CC86B6587}"
EndProject
Project("{FAE04EC0-301F-11D3-BF4B-00C04F79EFBC}") = "Compiler.LexicalAnalyser", "Compiler.LexicalAnalyser\Compiler.LexicalAnalyser.csproj", "{F67FAA1D-6986-47E7-95B6-E120BD241A5E}"
EndProject
Project("{FAE04EC0-301F-11D3-BF4B-00C04F79EFBC}") = "Compiler", "Compiler\Compiler.csproj", "{AEDB2B1C-456C-4BC9-A7FE-27E856082777}"
EndProject
Global
	GlobalSection(SolutionConfigurationPlatforms) = preSolution
		Debug|Any CPU = Debug|Any CPU
		Release|Any CPU = Release|Any CPU
	EndGlobalSection
	GlobalSection(ProjectConfigurationPlatforms) = postSolution
		{FADE4930-95BC-45B7-A08F-AE113A11BE18}.Debug|Any CPU.ActiveCfg = Debug|Any CPU
		{FADE4930-95BC-45B7-A08F-AE113A11BE18}.Debug|Any CPU.Build.0 = Debug|Any CPU
		{FADE4930-95BC-45B7-A08F-AE113A11BE18}.Release|Any CPU.ActiveCfg = Release|Any CPU
		{FADE4930-95BC-45B7-A08F-AE113A11BE18}.Release|Any CPU.Build.0 = Release|Any CPU
		{7B66753A-2E26-494D-AA5C-893CC29FDC83}.Debug|Any CPU.ActiveCfg = Debug|Any CPU
		{7B66753A-2E26-494D-AA5C-893CC29FDC83}.Debug|Any CPU.Build.0 = Debug|Any CPU
		{7B66753A-2E26-494D-AA5C-893CC29FDC83}.Release|Any CPU.ActiveCfg = Release|Any CPU
		{7B66753A-2E26-494D-AA5C-893CC29FDC83}.Release|Any CPU.Build.0 = Release|Any CPU
		{E671DC07-D5C1-40CD-9FFC-2F6CC86B6587}.Debug|Any CPU.ActiveCfg = Debug|Any CPU
		{E671DC07-D5C1-40CD-9FFC-2F6CC86B6587}.Debug|Any CPU.Build.0 = Debug|Any CPU
		{E671DC07-D5C1-40CD-9FFC-2F6CC86B6587}.Release|Any CPU.ActiveCfg = Release|Any CPU
		{E671DC07-D5C1-40CD-9FFC-2F6CC86B6587}.Release|Any CPU.Build.0 = Release|Any CPU
		{F67FAA1D-6986-47E7-95B6-E120BD241A5E}.Debug|Any CPU.ActiveCfg = Debug|Any CPU
		{F67FAA1D-6986-47E7-95B6-E120BD241A5E}.Debug|Any CPU.Build.0 = Debug|Any CPU
		{F67FAA1D-6986-47E7-95B6-E120BD241A5E}.Release|Any CPU.ActiveCfg = Release|Any CPU
		{F67FAA1D-6986-47E7-95B6-E120BD241A5E}.Release|Any CPU.Build.0 = Release|Any CPU
		{AEDB2B1C-456C-4BC9-A7FE-27E856082777}.Debug|Any CPU.ActiveCfg = Debug|Any CPU
		{AEDB2B1C-456C-4BC9-A7FE-27E856082777}.Debug|Any CPU.Build.0 = Debug|Any CPU
		{AEDB2B1C-456C-4BC9-A7FE-27E856082777}.Release|Any CPU.ActiveCfg = Release|Any CPU
		{AEDB2B1C-456C-4BC9-A7FE-27E856082777}.Release|Any CPU.Build.0 = Release|Any CPU
	EndGlobalSection
EndGlobal
